# This file is automatically @generated by Cargo.
# It is not intended for manual editing.
version = 4

[[package]]
name = "rblue"
version = "0.1.0"

[[package]]
name = "rblue-controller"
version = "0.1.0"

[[package]]
name = "rblue-hci-protocol"
version = "0.1.0"

[[package]]
name = "rblue-host"
version = "0.1.0"
dependencies = [
 "rblue-hci-protocol",
]

[[package]]
name = "rblue-phy"
version = "0.1.0"
